{
  "name": "github-init",
  "lockfileVersion": 3,
  "requires": true,
  "packages": {
    "": {
      "dependencies": {
        "mustache": "^4.2.0",
        "strip-html-comments": "^1.0.0"
      }
    },
    "node_modules/mustache": {
      "version": "4.2.0",
      "resolved": "https://registry.npmjs.org/mustache/-/mustache-4.2.0.tgz",
      "integrity": "sha512-71ippSywq5Yb7/tVYyGbkBggbU8H3u5Rz56fH60jGFgr8uHwxs+aSKeqmluIVzM0m0kB7xQjKS6qPfd0b2ZoqQ==",
      "bin": {
        "mustache": "bin/mustache"
      }
    },
    "node_modules/strip-html-comments": {
      "version": "1.0.0",
      "resolved": "https://registry.npmjs.org/strip-html-comments/-/strip-html-comments-1.0.0.tgz",
      "integrity": "sha512-SdeXvMv7YtmePsVLNwg9yvaU37UVos4hryT82Lyyrl3IYb+hAwPLs6SmxMPs5tB8VdA01KPKaiMBcR0oErR5BQ=="
    }
  }
}
